// !$*UTF8*$!
{
	archiveVersion = 1;
	classes = {
	};
	objectVersion = 50;
	objects = {

/* Begin PBXBuildFile section */
		80713FD1232F23F000A7C3C5 /* AppDelegate.swift in Sources */ = {isa = PBXBuildFile; fileRef = 80713FD0232F23F000A7C3C5 /* AppDelegate.swift */; };
		80713FD6232F23F000A7C3C5 /* Main.storyboard in Resources */ = {isa = PBXBuildFile; fileRef = 80713FD4232F23F000A7C3C5 /* Main.storyboard */; };
		80713FDB232F23F000A7C3C5 /* LaunchScreen.storyboard in Resources */ = {isa = PBXBuildFile; fileRef = 80713FD9232F23F000A7C3C5 /* LaunchScreen.storyboard */; };
		80713FE6232F23F000A7C3C5 /* GrowthDiaryTests.swift in Sources */ = {isa = PBXBuildFile; fileRef = 80713FE5232F23F000A7C3C5 /* GrowthDiaryTests.swift */; };
		80713FF1232F23F100A7C3C5 /* GrowthDiaryUITests.swift in Sources */ = {isa = PBXBuildFile; fileRef = 80713FF0232F23F100A7C3C5 /* GrowthDiaryUITests.swift */; };
		80714001232F24B700A7C3C5 /* LoginController.swift in Sources */ = {isa = PBXBuildFile; fileRef = 80713FFF232F24B700A7C3C5 /* LoginController.swift */; };
		80714002232F24B700A7C3C5 /* SplashController.swift in Sources */ = {isa = PBXBuildFile; fileRef = 80714000232F24B700A7C3C5 /* SplashController.swift */; };
		807260FD2330671100A30FF5 /* StringExtend.swift in Sources */ = {isa = PBXBuildFile; fileRef = 807260FC2330671100A30FF5 /* StringExtend.swift */; };
		807261022330684E00A30FF5 /* Constant.swift in Sources */ = {isa = PBXBuildFile; fileRef = 807261012330684E00A30FF5 /* Constant.swift */; };
		8072610423306DE800A30FF5 /* HomeController.swift in Sources */ = {isa = PBXBuildFile; fileRef = 8072610323306DE800A30FF5 /* HomeController.swift */; };
		807261062330702D00A30FF5 /* PreferenceUtil.swift in Sources */ = {isa = PBXBuildFile; fileRef = 807261052330702D00A30FF5 /* PreferenceUtil.swift */; };
		8072615D2331C37C00A30FF5 /* MimiListController.swift in Sources */ = {isa = PBXBuildFile; fileRef = 8072615C2331C37C00A30FF5 /* MimiListController.swift */; };
		8072615F2331C39400A30FF5 /* GungunListController.swift in Sources */ = {isa = PBXBuildFile; fileRef = 8072615E2331C39400A30FF5 /* GungunListController.swift */; };
		80B19925233309B00028F725 /* imageCell.swift in Sources */ = {isa = PBXBuildFile; fileRef = 80B19924233309B00028F725 /* imageCell.swift */; };
		80B1996123331F100028F725 /* Assets.xcassets in Resources */ = {isa = PBXBuildFile; fileRef = 80B1996023331F100028F725 /* Assets.xcassets */; };
/* End PBXBuildFile section */

/* Begin PBXContainerItemProxy section */
		80713FE2232F23F000A7C3C5 /* PBXContainerItemProxy */ = {
			isa = PBXContainerItemProxy;
			containerPortal = 80713FC5232F23F000A7C3C5 /* Project object */;
			proxyType = 1;
			remoteGlobalIDString = 80713FCC232F23F000A7C3C5;
			remoteInfo = GrowthDiary;
		};
		80713FED232F23F100A7C3C5 /* PBXContainerItemProxy */ = {
			isa = PBXContainerItemProxy;
			containerPortal = 80713FC5232F23F000A7C3C5 /* Project object */;
			proxyType = 1;
			remoteGlobalIDString = 80713FCC232F23F000A7C3C5;
			remoteInfo = GrowthDiary;
		};
/* End PBXContainerItemProxy section */

/* Begin PBXFileReference section */
		80713FCD232F23F000A7C3C5 /* GrowthDiary.app */ = {isa = PBXFileReference; explicitFileType = wrapper.application; includeInIndex = 0; path = GrowthDiary.app; sourceTree = BUILT_PRODUCTS_DIR; };
		80713FD0232F23F000A7C3C5 /* AppDelegate.swift */ = {isa = PBXFileReference; lastKnownFileType = sourcecode.swift; path = AppDelegate.swift; sourceTree = "<group>"; };
		80713FD5232F23F000A7C3C5 /* Base */ = {isa = PBXFileReference; lastKnownFileType = file.storyboard; name = Base; path = Base.lproj/Main.storyboard; sourceTree = "<group>"; };
		80713FDA232F23F000A7C3C5 /* Base */ = {isa = PBXFileReference; lastKnownFileType = file.storyboard; name = Base; path = Base.lproj/LaunchScreen.storyboard; sourceTree = "<group>"; };
		80713FDC232F23F000A7C3C5 /* Info.plist */ = {isa = PBXFileReference; lastKnownFileType = text.plist.xml; path = Info.plist; sourceTree = "<group>"; };
		80713FE1232F23F000A7C3C5 /* GrowthDiaryTests.xctest */ = {isa = PBXFileReference; explicitFileType = wrapper.cfbundle; includeInIndex = 0; path = GrowthDiaryTests.xctest; sourceTree = BUILT_PRODUCTS_DIR; };
		80713FE5232F23F000A7C3C5 /* GrowthDiaryTests.swift */ = {isa = PBXFileReference; lastKnownFileType = sourcecode.swift; path = GrowthDiaryTests.swift; sourceTree = "<group>"; };
		80713FE7232F23F000A7C3C5 /* Info.plist */ = {isa = PBXFileReference; lastKnownFileType = text.plist.xml; path = Info.plist; sourceTree = "<group>"; };
		80713FEC232F23F100A7C3C5 /* GrowthDiaryUITests.xctest */ = {isa = PBXFileReference; explicitFileType = wrapper.cfbundle; includeInIndex = 0; path = GrowthDiaryUITests.xctest; sourceTree = BUILT_PRODUCTS_DIR; };
		80713FF0232F23F100A7C3C5 /* GrowthDiaryUITests.swift */ = {isa = PBXFileReference; lastKnownFileType = sourcecode.swift; path = GrowthDiaryUITests.swift; sourceTree = "<group>"; };
		80713FF2232F23F100A7C3C5 /* Info.plist */ = {isa = PBXFileReference; lastKnownFileType = text.plist.xml; path = Info.plist; sourceTree = "<group>"; };
		80713FFF232F24B700A7C3C5 /* LoginController.swift */ = {isa = PBXFileReference; fileEncoding = 4; lastKnownFileType = sourcecode.swift; path = LoginController.swift; sourceTree = "<group>"; };
		80714000232F24B700A7C3C5 /* SplashController.swift */ = {isa = PBXFileReference; fileEncoding = 4; lastKnownFileType = sourcecode.swift; path = SplashController.swift; sourceTree = "<group>"; };
		807260FC2330671100A30FF5 /* StringExtend.swift */ = {isa = PBXFileReference; lastKnownFileType = sourcecode.swift; path = StringExtend.swift; sourceTree = "<group>"; };
		807261012330684E00A30FF5 /* Constant.swift */ = {isa = PBXFileReference; lastKnownFileType = sourcecode.swift; path = Constant.swift; sourceTree = "<group>"; };
		8072610323306DE800A30FF5 /* HomeController.swift */ = {isa = PBXFileReference; lastKnownFileType = sourcecode.swift; path = HomeController.swift; sourceTree = "<group>"; };
		807261052330702D00A30FF5 /* PreferenceUtil.swift */ = {isa = PBXFileReference; lastKnownFileType = sourcecode.swift; name = PreferenceUtil.swift; path = GrowthDiary/Extend/PreferenceUtil.swift; sourceTree = SOURCE_ROOT; };
		8072615C2331C37C00A30FF5 /* MimiListController.swift */ = {isa = PBXFileReference; lastKnownFileType = sourcecode.swift; path = MimiListController.swift; sourceTree = "<group>"; };
		8072615E2331C39400A30FF5 /* GungunListController.swift */ = {isa = PBXFileReference; lastKnownFileType = sourcecode.swift; path = GungunListController.swift; sourceTree = "<group>"; };
		80B19924233309B00028F725 /* imageCell.swift */ = {isa = PBXFileReference; lastKnownFileType = sourcecode.swift; path = imageCell.swift; sourceTree = "<group>"; };
		80B1996023331F100028F725 /* Assets.xcassets */ = {isa = PBXFileReference; lastKnownFileType = folder.assetcatalog; path = Assets.xcassets; sourceTree = "<group>"; };
/* End PBXFileReference section */

/* Begin PBXFrameworksBuildPhase section */
		80713FCA232F23F000A7C3C5 /* Frameworks */ = {
			isa = PBXFrameworksBuildPhase;
			buildActionMask = 2147483647;
			files = (
			);
			runOnlyForDeploymentPostprocessing = 0;
		};
		80713FDE232F23F000A7C3C5 /* Frameworks */ = {
			isa = PBXFrameworksBuildPhase;
			buildActionMask = 2147483647;
			files = (
			);
			runOnlyForDeploymentPostprocessing = 0;
		};
		80713FE9232F23F100A7C3C5 /* Frameworks */ = {
			isa = PBXFrameworksBuildPhase;
			buildActionMask = 2147483647;
			files = (
			);
			runOnlyForDeploymentPostprocessing = 0;
		};
/* End PBXFrameworksBuildPhase section */

/* Begin PBXGroup section */
		80713FC4232F23F000A7C3C5 = {
			isa = PBXGroup;
			children = (
				80713FCF232F23F000A7C3C5 /* GrowthDiary */,
				80713FE4232F23F000A7C3C5 /* GrowthDiaryTests */,
				80713FEF232F23F100A7C3C5 /* GrowthDiaryUITests */,
				80713FCE232F23F000A7C3C5 /* Products */,
			);
			sourceTree = "<group>";
		};
		80713FCE232F23F000A7C3C5 /* Products */ = {
			isa = PBXGroup;
			children = (
				80713FCD232F23F000A7C3C5 /* GrowthDiary.app */,
				80713FE1232F23F000A7C3C5 /* GrowthDiaryTests.xctest */,
				80713FEC232F23F100A7C3C5 /* GrowthDiaryUITests.xctest */,
			);
			name = Products;
			sourceTree = "<group>";
		};
		80713FCF232F23F000A7C3C5 /* GrowthDiary */ = {
			isa = PBXGroup;
			children = (
				80B199232333093A0028F725 /* Cell */,
				807260FE233067EC00A30FF5 /* Util */,
				807260FB233066A200A30FF5 /* Extend */,
				80713FFE232F244500A7C3C5 /* Controller */,
				80713FD0232F23F000A7C3C5 /* AppDelegate.swift */,
				80713FD4232F23F000A7C3C5 /* Main.storyboard */,
				80713FD9232F23F000A7C3C5 /* LaunchScreen.storyboard */,
				80713FDC232F23F000A7C3C5 /* Info.plist */,
				80B1996023331F100028F725 /* Assets.xcassets */,
			);
			path = GrowthDiary;
			sourceTree = "<group>";
		};
		80713FE4232F23F000A7C3C5 /* GrowthDiaryTests */ = {
			isa = PBXGroup;
			children = (
				80713FE5232F23F000A7C3C5 /* GrowthDiaryTests.swift */,
				80713FE7232F23F000A7C3C5 /* Info.plist */,
			);
			path = GrowthDiaryTests;
			sourceTree = "<group>";
		};
		80713FEF232F23F100A7C3C5 /* GrowthDiaryUITests */ = {
			isa = PBXGroup;
			children = (
				80713FF0232F23F100A7C3C5 /* GrowthDiaryUITests.swift */,
				80713FF2232F23F100A7C3C5 /* Info.plist */,
			);
			path = GrowthDiaryUITests;
			sourceTree = "<group>";
		};
		80713FFE232F244500A7C3C5 /* Controller */ = {
			isa = PBXGroup;
			children = (
				80713FFF232F24B700A7C3C5 /* LoginController.swift */,
				8072615E2331C39400A30FF5 /* GungunListController.swift */,
				80714000232F24B700A7C3C5 /* SplashController.swift */,
				8072610323306DE800A30FF5 /* HomeController.swift */,
				8072615C2331C37C00A30FF5 /* MimiListController.swift */,
			);
			path = Controller;
			sourceTree = "<group>";
		};
		807260FB233066A200A30FF5 /* Extend */ = {
			isa = PBXGroup;
			children = (
				807260FC2330671100A30FF5 /* StringExtend.swift */,
			);
			path = Extend;
			sourceTree = "<group>";
		};
		807260FE233067EC00A30FF5 /* Util */ = {
			isa = PBXGroup;
			children = (
				807261012330684E00A30FF5 /* Constant.swift */,
				807261052330702D00A30FF5 /* PreferenceUtil.swift */,
			);
			path = Util;
			sourceTree = "<group>";
		};
		80B199232333093A0028F725 /* Cell */ = {
			isa = PBXGroup;
			children = (
				80B19924233309B00028F725 /* imageCell.swift */,
			);
			path = Cell;
			sourceTree = "<group>";
		};
/* End PBXGroup section */

/* Begin PBXNativeTarget section */
		80713FCC232F23F000A7C3C5 /* GrowthDiary */ = {
			isa = PBXNativeTarget;
			buildConfigurationList = 80713FF5232F23F100A7C3C5 /* Build configuration list for PBXNativeTarget "GrowthDiary" */;
			buildPhases = (
				80713FC9232F23F000A7C3C5 /* Sources */,
				80713FCA232F23F000A7C3C5 /* Frameworks */,
				80713FCB232F23F000A7C3C5 /* Resources */,
			);
			buildRules = (
			);
			dependencies = (
			);
			name = GrowthDiary;
			productName = GrowthDiary;
			productReference = 80713FCD232F23F000A7C3C5 /* GrowthDiary.app */;
			productType = "com.apple.product-type.application";
		};
		80713FE0232F23F000A7C3C5 /* GrowthDiaryTests */ = {
			isa = PBXNativeTarget;
			buildConfigurationList = 80713FF8232F23F100A7C3C5 /* Build configuration list for PBXNativeTarget "GrowthDiaryTests" */;
			buildPhases = (
				80713FDD232F23F000A7C3C5 /* Sources */,
				80713FDE232F23F000A7C3C5 /* Frameworks */,
				80713FDF232F23F000A7C3C5 /* Resources */,
			);
			buildRules = (
			);
			dependencies = (
				80713FE3232F23F000A7C3C5 /* PBXTargetDependency */,
			);
			name = GrowthDiaryTests;
			productName = GrowthDiaryTests;
			productReference = 80713FE1232F23F000A7C3C5 /* GrowthDiaryTests.xctest */;
			productType = "com.apple.product-type.bundle.unit-test";
		};
		80713FEB232F23F100A7C3C5 /* GrowthDiaryUITests */ = {
			isa = PBXNativeTarget;
			buildConfigurationList = 80713FFB232F23F100A7C3C5 /* Build configuration list for PBXNativeTarget "GrowthDiaryUITests" */;
			buildPhases = (
				80713FE8232F23F100A7C3C5 /* Sources */,
				80713FE9232F23F100A7C3C5 /* Frameworks */,
				80713FEA232F23F100A7C3C5 /* Resources */,
			);
			buildRules = (
			);
			dependencies = (
				80713FEE232F23F100A7C3C5 /* PBXTargetDependency */,
			);
			name = GrowthDiaryUITests;
			productName = GrowthDiaryUITests;
			productReference = 80713FEC232F23F100A7C3C5 /* GrowthDiaryUITests.xctest */;
			productType = "com.apple.product-type.bundle.ui-testing";
		};
/* End PBXNativeTarget section */

/* Begin PBXProject section */
		80713FC5232F23F000A7C3C5 /* Project object */ = {
			isa = PBXProject;
			attributes = {
				LastSwiftUpdateCheck = 1030;
				LastUpgradeCheck = 1030;
				ORGANIZATIONNAME = "Toya Sakurai";
				TargetAttributes = {
					80713FCC232F23F000A7C3C5 = {
						CreatedOnToolsVersion = 10.3;
					};
					80713FE0232F23F000A7C3C5 = {
						CreatedOnToolsVersion = 10.3;
						TestTargetID = 80713FCC232F23F000A7C3C5;
					};
					80713FEB232F23F100A7C3C5 = {
						CreatedOnToolsVersion = 10.3;
						TestTargetID = 80713FCC232F23F000A7C3C5;
					};
				};
			};
			buildConfigurationList = 80713FC8232F23F000A7C3C5 /* Build configuration list for PBXProject "GrowthDiary" */;
			compatibilityVersion = "Xcode 9.3";
			developmentRegion = en;
			hasScannedForEncodings = 0;
			knownRegions = (
				en,
				Base,
			);
			mainGroup = 80713FC4232F23F000A7C3C5;
			productRefGroup = 80713FCE232F23F000A7C3C5 /* Products */;
			projectDirPath = "";
			projectRoot = "";
			targets = (
				80713FCC232F23F000A7C3C5 /* GrowthDiary */,
				80713FE0232F23F000A7C3C5 /* GrowthDiaryTests */,
				80713FEB232F23F100A7C3C5 /* GrowthDiaryUITests */,
			);
		};
/* End PBXProject section */

/* Begin PBXResourcesBuildPhase section */
		80713FCB232F23F000A7C3C5 /* Resources */ = {
			isa = PBXResourcesBuildPhase;
			buildActionMask = 2147483647;
			files = (
				80713FDB232F23F000A7C3C5 /* LaunchScreen.storyboard in Resources */,
				80B1996123331F100028F725 /* Assets.xcassets in Resources */,
				80713FD6232F23F000A7C3C5 /* Main.storyboard in Resources */,
			);
			runOnlyForDeploymentPostprocessing = 0;
		};
		80713FDF232F23F000A7C3C5 /* Resources */ = {
			isa = PBXResourcesBuildPhase;
			buildActionMask = 2147483647;
			files = (
			);
			runOnlyForDeploymentPostprocessing = 0;
		};
		80713FEA232F23F100A7C3C5 /* Resources */ = {
			isa = PBXResourcesBuildPhase;
			buildActionMask = 2147483647;
			files = (
			);
			runOnlyForDeploymentPostprocessing = 0;
		};
/* End PBXResourcesBuildPhase section */

/* Begin PBXSourcesBuildPhase section */
		80713FC9232F23F000A7C3C5 /* Sources */ = {
			isa = PBXSourcesBuildPhase;
			buildActionMask = 2147483647;
			files = (
				807260FD2330671100A30FF5 /* StringExtend.swift in Sources */,
				8072615F2331C39400A30FF5 /* GungunListController.swift in Sources */,
				80714002232F24B700A7C3C5 /* SplashController.swift in Sources */,
				807261062330702D00A30FF5 /* PreferenceUtil.swift in Sources */,
				8072610423306DE800A30FF5 /* HomeController.swift in Sources */,
				807261022330684E00A30FF5 /* Constant.swift in Sources */,
				80714001232F24B700A7C3C5 /* LoginController.swift in Sources */,
				80B19925233309B00028F725 /* imageCell.swift in Sources */,
				80713FD1232F23F000A7C3C5 /* AppDelegate.swift in Sources */,
				8072615D2331C37C00A30FF5 /* MimiListController.swift in Sources */,
			);
			runOnlyForDeploymentPostprocessing = 0;
		};
		80713FDD232F23F000A7C3C5 /* Sources */ = {
			isa = PBXSourcesBuildPhase;
			buildActionMask = 2147483647;
			files = (
				80713FE6232F23F000A7C3C5 /* GrowthDiaryTests.swift in Sources */,
			);
			runOnlyForDeploymentPostprocessing = 0;
		};
		80713FE8232F23F100A7C3C5 /* Sources */ = {
			isa = PBXSourcesBuildPhase;
			buildActionMask = 2147483647;
			files = (
				80713FF1232F23F100A7C3C5 /* GrowthDiaryUITests.swift in Sources */,
			);
			runOnlyForDeploymentPostprocessing = 0;
		};
/* End PBXSourcesBuildPhase section */

/* Begin PBXTargetDependency section */
		80713FE3232F23F000A7C3C5 /* PBXTargetDependency */ = {
			isa = PBXTargetDependency;
			target = 80713FCC232F23F000A7C3C5 /* GrowthDiary */;
			targetProxy = 80713FE2232F23F000A7C3C5 /* PBXContainerItemProxy */;
		};
		80713FEE232F23F100A7C3C5 /* PBXTargetDependency */ = {
			isa = PBXTargetDependency;
			target = 80713FCC232F23F000A7C3C5 /* GrowthDiary */;
			targetProxy = 80713FED232F23F100A7C3C5 /* PBXContainerItemProxy */;
		};
/* End PBXTargetDependency section */

/* Begin PBXVariantGroup section */
		80713FD4232F23F000A7C3C5 /* Main.storyboard */ = {
			isa = PBXVariantGroup;
			children = (
				80713FD5232F23F000A7C3C5 /* Base */,
			);
			name = Main.storyboard;
			sourceTree = "<group>";
		};
		80713FD9232F23F000A7C3C5 /* LaunchScreen.storyboard */ = {
			isa = PBXVariantGroup;
			children = (
				80713FDA232F23F000A7C3C5 /* Base */,
			);
			name = LaunchScreen.storyboard;
			sourceTree = "<group>";
		};
/* End PBXVariantGroup section */

/* Begin XCBuildConfiguration section */
		80713FF3232F23F100A7C3C5 /* Debug */ = {
			isa = XCBuildConfiguration;
			buildSettings = {
				ALWAYS_SEARCH_USER_PATHS = NO;
				CLANG_ANALYZER_NONNULL = YES;
				CLANG_ANALYZER_NUMBER_OBJECT_CONVERSION = YES_AGGRESSIVE;
				CLANG_CXX_LANGUAGE_STANDARD = "gnu++14";
				CLANG_CXX_LIBRARY = "libc++";
				CLANG_ENABLE_MODULES = YES;
				CLANG_ENABLE_OBJC_ARC = YES;
				CLANG_ENABLE_OBJC_WEAK = YES;
				CLANG_WARN_BLOCK_CAPTURE_AUTORELEASING = YES;
				CLANG_WARN_BOOL_CONVERSION = YES;
				CLANG_WARN_COMMA = YES;
				CLANG_WARN_CONSTANT_CONVERSION = YES;
				CLANG_WARN_DEPRECATED_OBJC_IMPLEMENTATIONS = YES;
				CLANG_WARN_DIRECT_OBJC_ISA_USAGE = YES_ERROR;
				CLANG_WARN_DOCUMENTATION_COMMENTS = YES;
				CLANG_WARN_EMPTY_BODY = YES;
				CLANG_WARN_ENUM_CONVERSION = YES;
				CLANG_WARN_INFINITE_RECURSION = YES;
				CLANG_WARN_INT_CONVERSION = YES;
				CLANG_WARN_NON_LITERAL_NULL_CONVERSION = YES;
				CLANG_WARN_OBJC_IMPLICIT_RETAIN_SELF = YES;
				CLANG_WARN_OBJC_LITERAL_CONVERSION = YES;
				CLANG_WARN_OBJC_ROOT_CLASS = YES_ERROR;
				CLANG_WARN_RANGE_LOOP_ANALYSIS = YES;
				CLANG_WARN_STRICT_PROTOTYPES = YES;
				CLANG_WARN_SUSPICIOUS_MOVE = YES;
				CLANG_WARN_UNGUARDED_AVAILABILITY = YES_AGGRESSIVE;
				CLANG_WARN_UNREACHABLE_CODE = YES;
				CLANG_WARN__DUPLICATE_METHOD_MATCH = YES;
				CODE_SIGN_IDENTITY = "iPhone Developer";
				COPY_PHASE_STRIP = NO;
				DEBUG_INFORMATION_FORMAT = dwarf;
				ENABLE_STRICT_OBJC_MSGSEND = YES;
				ENABLE_TESTABILITY = YES;
				GCC_C_LANGUAGE_STANDARD = gnu11;
				GCC_DYNAMIC_NO_PIC = NO;
				GCC_NO_COMMON_BLOCKS = YES;
				GCC_OPTIMIZATION_LEVEL = 0;
				GCC_PREPROCESSOR_DEFINITIONS = (
					"DEBUG=1",
					"$(inherited)",
				);
				GCC_WARN_64_TO_32_BIT_CONVERSION = YES;
				GCC_WARN_ABOUT_RETURN_TYPE = YES_ERROR;
				GCC_WARN_UNDECLARED_SELECTOR = YES;
				GCC_WARN_UNINITIALIZED_AUTOS = YES_AGGRESSIVE;
				GCC_WARN_UNUSED_FUNCTION = YES;
				GCC_WARN_UNUSED_VARIABLE = YES;
				IPHONEOS_DEPLOYMENT_TARGET = 11.0;
				MTL_ENABLE_DEBUG_INFO = INCLUDE_SOURCE;
				MTL_FAST_MATH = YES;
				ONLY_ACTIVE_ARCH = YES;
				SDKROOT = iphoneos;
				SWIFT_ACTIVE_COMPILATION_CONDITIONS = DEBUG;
				SWIFT_OPTIMIZATION_LEVEL = "-Onone";
			};
			name = Debug;
		};
		80713FF4232F23F100A7C3C5 /* Release */ = {
			isa = XCBuildConfiguration;
			buildSettings = {
				ALWAYS_SEARCH_USER_PATHS = NO;
				CLANG_ANALYZER_NONNULL = YES;
				CLANG_ANALYZER_NUMBER_OBJECT_CONVERSION = YES_AGGRESSIVE;
				CLANG_CXX_LANGUAGE_STANDARD = "gnu++14";
				CLANG_CXX_LIBRARY = "libc++";
				CLANG_ENABLE_MODULES = YES;
				CLANG_ENABLE_OBJC_ARC = YES;
				CLANG_ENABLE_OBJC_WEAK = YES;
				CLANG_WARN_BLOCK_CAPTURE_AUTORELEASING = YES;
				CLANG_WARN_BOOL_CONVERSION = YES;
				CLANG_WARN_COMMA = YES;
				CLANG_WARN_CONSTANT_CONVERSION = YES;
				CLANG_WARN_DEPRECATED_OBJC_IMPLEMENTATIONS = YES;
				CLANG_WARN_DIRECT_OBJC_ISA_USAGE = YES_ERROR;
				CLANG_WARN_DOCUMENTATION_COMMENTS = YES;
				CLANG_WARN_EMPTY_BODY = YES;
				CLANG_WARN_ENUM_CONVERSION = YES;
				CLANG_WARN_INFINITE_RECURSION = YES;
				CLANG_WARN_INT_CONVERSION = YES;
				CLANG_WARN_NON_LITERAL_NULL_CONVERSION = YES;
				CLANG_WARN_OBJC_IMPLICIT_RETAIN_SELF = YES;
				CLANG_WARN_OBJC_LITERAL_CONVERSION = YES;
				CLANG_WARN_OBJC_ROOT_CLASS = YES_ERROR;
				CLANG_WARN_RANGE_LOOP_ANALYSIS = YES;
				CLANG_WARN_STRICT_PROTOTYPES = YES;
				CLANG_WARN_SUSPICIOUS_MOVE = YES;
				CLANG_WARN_UNGUARDED_AVAILABILITY = YES_AGGRESSIVE;
				CLANG_WARN_UNREACHABLE_CODE = YES;
				CLANG_WARN__DUPLICATE_METHOD_MATCH = YES;
				CODE_SIGN_IDENTITY = "iPhone Developer";
				COPY_PHASE_STRIP = NO;
				DEBUG_INFORMATION_FORMAT = "dwarf-with-dsym";
				ENABLE_NS_ASSERTIONS = NO;
				ENABLE_STRICT_OBJC_MSGSEND = YES;
				GCC_C_LANGUAGE_STANDARD = gnu11;
				GCC_NO_COMMON_BLOCKS = YES;
				GCC_WARN_64_TO_32_BIT_CONVERSION = YES;
				GCC_WARN_ABOUT_RETURN_TYPE = YES_ERROR;
				GCC_WARN_UNDECLARED_SELECTOR = YES;
				GCC_WARN_UNINITIALIZED_AUTOS = YES_AGGRESSIVE;
				GCC_WARN_UNUSED_FUNCTION = YES;
				GCC_WARN_UNUSED_VARIABLE = YES;
				IPHONEOS_DEPLOYMENT_TARGET = 11.0;
				MTL_ENABLE_DEBUG_INFO = NO;
				MTL_FAST_MATH = YES;
				SDKROOT = iphoneos;
				SWIFT_COMPILATION_MODE = wholemodule;
				SWIFT_OPTIMIZATION_LEVEL = "-O";
				VALIDATE_PRODUCT = YES;
			};
			name = Release;
		};
		80713FF6232F23F100A7C3C5 /* Debug */ = {
			isa = XCBuildConfiguration;
			buildSettings = {
				ASSETCATALOG_COMPILER_APPICON_NAME = AppIcon;
				CODE_SIGN_STYLE = Automatic;
				DEVELOPMENT_TEAM = JQ4C9B5CF6;
				INFOPLIST_FILE = GrowthDiary/Info.plist;
				IPHONEOS_DEPLOYMENT_TARGET = 11.0;
				LD_RUNPATH_SEARCH_PATHS = (
					"$(inherited)",
					"@executable_path/Frameworks",
				);
				PRODUCT_BUNDLE_IDENTIFIER = toya.GrowthDiary;
				PRODUCT_NAME = "$(TARGET_NAME)";
				SWIFT_VERSION = 5.0;
				TARGETED_DEVICE_FAMILY = "1,2";
			};
			name = Debug;
		};
		80713FF7232F23F100A7C3C5 /* Release */ = {
			isa = XCBuildConfiguration;
			buildSettings = {
				ASSETCATALOG_COMPILER_APPICON_NAME = AppIcon;
				CODE_SIGN_STYLE = Automatic;
				DEVELOPMENT_TEAM = JQ4C9B5CF6;
				INFOPLIST_FILE = GrowthDiary/Info.plist;
				IPHONEOS_DEPLOYMENT_TARGET = 11.0;
				LD_RUNPATH_SEARCH_PATHS = (
					"$(inherited)",
					"@executable_path/Frameworks",
				);
				PRODUCT_BUNDLE_IDENTIFIER = toya.GrowthDiary;
				PRODUCT_NAME = "$(TARGET_NAME)";
				SWIFT_VERSION = 5.0;
				TARGETED_DEVICE_FAMILY = "1,2";
			};
			name = Release;
		};
		80713FF9232F23F100A7C3C5 /* Debug */ = {
			isa = XCBuildConfiguration;
			buildSettings = {
				ALWAYS_EMBED_SWIFT_STANDARD_LIBRARIES = YES;
				BUNDLE_LOADER = "$(TEST_HOST)";
				CODE_SIGN_STYLE = Automatic;
				DEVELOPMENT_TEAM = JQ4C9B5CF6;
				INFOPLIST_FILE = GrowthDiaryTests/Info.plist;
				LD_RUNPATH_SEARCH_PATHS = (
					"$(inherited)",
					"@executable_path/Frameworks",
					"@loader_path/Frameworks",
				);
				PRODUCT_BUNDLE_IDENTIFIER = toya.GrowthDiaryTests;
				PRODUCT_NAME = "$(TARGET_NAME)";
				SWIFT_VERSION = 5.0;
				TARGETED_DEVICE_FAMILY = "1,2";
				TEST_HOST = "$(BUILT_PRODUCTS_DIR)/GrowthDiary.app/GrowthDiary";
			};
			name = Debug;
		};
		80713FFA232F23F100A7C3C5 /* Release */ = {
			isa = XCBuildConfiguration;
			buildSettings = {
				ALWAYS_EMBED_SWIFT_STANDARD_LIBRARIES = YES;
				BUNDLE_LOADER = "$(TEST_HOST)";
				CODE_SIGN_STYLE = Automatic;
				DEVELOPMENT_TEAM = JQ4C9B5CF6;
				INFOPLIST_FILE = GrowthDiaryTests/Info.plist;
				LD_RUNPATH_SEARCH_PATHS = (
					"$(inherited)",
					"@executable_path/Frameworks",
					"@loader_path/Frameworks",
				);
				PRODUCT_BUNDLE_IDENTIFIER = toya.GrowthDiaryTests;
				PRODUCT_NAME = "$(TARGET_NAME)";
				SWIFT_VERSION = 5.0;
				TARGETED_DEVICE_FAMILY = "1,2";
				TEST_HOST = "$(BUILT_PRODUCTS_DIR)/GrowthDiary.app/GrowthDiary";
			};
			name = Release;
		};
		80713FFC232F23F100A7C3C5 /* Debug */ = {
			isa = XCBuildConfiguration;
			buildSettings = {
				ALWAYS_EMBED_SWIFT_STANDARD_LIBRARIES = YES;
				CODE_SIGN_STYLE = Automatic;
				DEVELOPMENT_TEAM = JQ4C9B5CF6;
				INFOPLIST_FILE = GrowthDiaryUITests/Info.plist;
				LD_RUNPATH_SEARCH_PATHS = (
					"$(inherited)",
					"@executable_path/Frameworks",
					"@loader_path/Frameworks",
				);
				PRODUCT_BUNDLE_IDENTIFIER = toya.GrowthDiaryUITests;
				PRODUCT_NAME = "$(TARGET_NAME)";
				SWIFT_VERSION = 5.0;
				TARGETED_DEVICE_FAMILY = "1,2";
				TEST_TARGET_NAME = GrowthDiary;
			};
			name = Debug;
		};
		80713FFD232F23F100A7C3C5 /* Release */ = {
			isa = XCBuildConfiguration;
			buildSettings = {
				ALWAYS_EMBED_SWIFT_STANDARD_LIBRARIES = YES;
				CODE_SIGN_STYLE = Automatic;
				DEVELOPMENT_TEAM = JQ4C9B5CF6;
				INFOPLIST_FILE = GrowthDiaryUITests/Info.plist;
				LD_RUNPATH_SEARCH_PATHS = (
					"$(inherited)",
					"@executable_path/Frameworks",
					"@loader_path/Frameworks",
				);
				PRODUCT_BUNDLE_IDENTIFIER = toya.GrowthDiaryUITests;
				PRODUCT_NAME = "$(TARGET_NAME)";
				SWIFT_VERSION = 5.0;
				TARGETED_DEVICE_FAMILY = "1,2";
				TEST_TARGET_NAME = GrowthDiary;
			};
			name = Release;
		};
/* End XCBuildConfiguration section */

/* Begin XCConfigurationList section */
		80713FC8232F23F000A7C3C5 /* Build configuration list for PBXProject "GrowthDiary" */ = {
			isa = XCConfigurationList;
			buildConfigurations = (
				80713FF3232F23F100A7C3C5 /* Debug */,
				80713FF4232F23F100A7C3C5 /* Release */,
			);
			defaultConfigurationIsVisible = 0;
			defaultConfigurationName = Release;
		};
		80713FF5232F23F100A7C3C5 /* Build configuration list for PBXNativeTarget "GrowthDiary" */ = {
			isa = XCConfigurationList;
			buildConfigurations = (
				80713FF6232F23F100A7C3C5 /* Debug */,
				80713FF7232F23F100A7C3C5 /* Release */,
			);
			defaultConfigurationIsVisible = 0;
			defaultConfigurationName = Release;
		};
		80713FF8232F23F100A7C3C5 /* Build configuration list for PBXNativeTarget "GrowthDiaryTests" */ = {
			isa = XCConfigurationList;
			buildConfigurations = (
				80713FF9232F23F100A7C3C5 /* Debug */,
				80713FFA232F23F100A7C3C5 /* Release */,
			);
			defaultConfigurationIsVisible = 0;
			defaultConfigurationName = Release;
		};
		80713FFB232F23F100A7C3C5 /* Build configuration list for PBXNativeTarget "GrowthDiaryUITests" */ = {
			isa = XCConfigurationList;
			buildConfigurations = (
				80713FFC232F23F100A7C3C5 /* Debug */,
				80713FFD232F23F100A7C3C5 /* Release */,
			);
			defaultConfigurationIsVisible = 0;
			defaultConfigurationName = Release;
		};
/* End XCConfigurationList section */
	};
	rootObject = 80713FC5232F23F000A7C3C5 /* Project object */;
}
